
Microsoft Visual Studio Solution File, Format Version 12.00
Project("{FAE04EC0-301F-11D3-BF4B-00C04F79EFBC}") = "App.API", "App.API\App.API.csproj", "{0E1974C1-D401-414F-AC8C-DE8D5F020689}"
EndProject
Project("{2150E333-8FDC-42A3-9474-1A3956D46DE8}") = "src", "src", "{5E33A059-E32F-4CD4-B8F1-F6E3AF695499}"
EndProject
Project("{2150E333-8FDC-42A3-9474-1A3956D46DE8}") = "BuildingBlocks", "BuildingBlocks", "{AAE40A4E-0CBD-4D3F-9011-5E5A88A5E2F3}"
EndProject
Project("{2150E333-8FDC-42A3-9474-1A3956D46DE8}") = "WebUI", "WebUI", "{4215215E-511C-4839-A65F-F69BF7C5E064}"
EndProject
Project("{2150E333-8FDC-42A3-9474-1A3956D46DE8}") = "Services", "Services", "{F4BD2A54-C9B5-49D4-8371-189757EC5611}"
EndProject
Project("{2150E333-8FDC-42A3-9474-1A3956D46DE8}") = "Identity", "Identity", "{23BDE2C6-7CA1-4143-94BC-F223E2668965}"
EndProject
Project("{2150E333-8FDC-42A3-9474-1A3956D46DE8}") = "App", "App", "{1290B77A-49A1-4E91-A5CB-2C1A30AD2FE4}"
EndProject
Project("{FAE04EC0-301F-11D3-BF4B-00C04F79EFBC}") = "App.Application", "App.Application\App.Application.csproj", "{72420B73-4DC9-49CD-8ECA-A7CCE6A56132}"
EndProject
Project("{FAE04EC0-301F-11D3-BF4B-00C04F79EFBC}") = "App.Domain", "App.Domain\App.Domain.csproj", "{68F4C734-CB3D-46E7-8E86-3406EBA3748E}"
EndProject
Project("{FAE04EC0-301F-11D3-BF4B-00C04F79EFBC}") = "App.Contracts", "App.Contracts\App.Contracts.csproj", "{4927CE94-EA16-439C-A9F3-ACF0845E6175}"
EndProject
Project("{FAE04EC0-301F-11D3-BF4B-00C04F79EFBC}") = "Identity.API", "Identity.API\Identity.API.csproj", "{201A1422-96FB-41AD-BE22-A80A39B64821}"
EndProject
Project("{FAE04EC0-301F-11D3-BF4B-00C04F79EFBC}") = "Identity.Application", "Identity.Application\Identity.Application.csproj", "{F16272AE-6457-42A4-8C5F-66D58A828DC1}"
EndProject
Project("{FAE04EC0-301F-11D3-BF4B-00C04F79EFBC}") = "Identity.Domain", "Identity.Domain\Identity.Domain.csproj", "{69535BA9-6816-43A1-ABAC-75336AA443A6}"
EndProject
Project("{FAE04EC0-301F-11D3-BF4B-00C04F79EFBC}") = "Identity.Contracts", "Identity.Contracts\Identity.Contracts.csproj", "{09713155-C5A1-47EC-BD1A-C85054E1C268}"
EndProject
Project("{FAE04EC0-301F-11D3-BF4B-00C04F79EFBC}") = "Identity.SignalR", "Identity.SignalR\Identity.SignalR.csproj", "{DDAF8EA7-48D0-455D-952B-A502E5495EFA}"
EndProject
Project("{FAE04EC0-301F-11D3-BF4B-00C04F79EFBC}") = "App.Infra", "App.Infra\App.Infra.csproj", "{36C1801E-2628-4674-B000-CB87E5D710FC}"
EndProject
Project("{FAE04EC0-301F-11D3-BF4B-00C04F79EFBC}") = "Web.ClientApp", "Web.ClientApp\Web.ClientApp.csproj", "{07E9323B-879F-44EF-A953-66724623B0DE}"
EndProject
Project("{FAE04EC0-301F-11D3-BF4B-00C04F79EFBC}") = "App.SignalR", "App.SignalR\App.SignalR.csproj", "{56B428D0-CB5B-46AD-9A80-03C45EA36FE7}"
EndProject
Project("{2150E333-8FDC-42A3-9474-1A3956D46DE8}") = "Solution Items", "Solution Items", "{2DD533C6-67FA-4BD1-9E7C-4D0569C38DE0}"
	ProjectSection(SolutionItems) = preProject
		docker-compose.yml = docker-compose.yml
	EndProjectSection
EndProject
Project("{FAE04EC0-301F-11D3-BF4B-00C04F79EFBC}") = "Garbage", "Garbage\Garbage.csproj", "{26BA8FCA-9395-4B52-A447-E9711B186859}"
EndProject
Global
	GlobalSection(SolutionConfigurationPlatforms) = preSolution
		Debug|Any CPU = Debug|Any CPU
		Release|Any CPU = Release|Any CPU
	EndGlobalSection
	GlobalSection(ProjectConfigurationPlatforms) = postSolution
		{0E1974C1-D401-414F-AC8C-DE8D5F020689}.Debug|Any CPU.ActiveCfg = Debug|Any CPU
		{0E1974C1-D401-414F-AC8C-DE8D5F020689}.Debug|Any CPU.Build.0 = Debug|Any CPU
		{0E1974C1-D401-414F-AC8C-DE8D5F020689}.Release|Any CPU.ActiveCfg = Release|Any CPU
		{0E1974C1-D401-414F-AC8C-DE8D5F020689}.Release|Any CPU.Build.0 = Release|Any CPU
		{72420B73-4DC9-49CD-8ECA-A7CCE6A56132}.Debug|Any CPU.ActiveCfg = Debug|Any CPU
		{72420B73-4DC9-49CD-8ECA-A7CCE6A56132}.Debug|Any CPU.Build.0 = Debug|Any CPU
		{72420B73-4DC9-49CD-8ECA-A7CCE6A56132}.Release|Any CPU.ActiveCfg = Release|Any CPU
		{72420B73-4DC9-49CD-8ECA-A7CCE6A56132}.Release|Any CPU.Build.0 = Release|Any CPU
		{68F4C734-CB3D-46E7-8E86-3406EBA3748E}.Debug|Any CPU.ActiveCfg = Debug|Any CPU
		{68F4C734-CB3D-46E7-8E86-3406EBA3748E}.Debug|Any CPU.Build.0 = Debug|Any CPU
		{68F4C734-CB3D-46E7-8E86-3406EBA3748E}.Release|Any CPU.ActiveCfg = Release|Any CPU
		{68F4C734-CB3D-46E7-8E86-3406EBA3748E}.Release|Any CPU.Build.0 = Release|Any CPU
		{4927CE94-EA16-439C-A9F3-ACF0845E6175}.Debug|Any CPU.ActiveCfg = Debug|Any CPU
		{4927CE94-EA16-439C-A9F3-ACF0845E6175}.Debug|Any CPU.Build.0 = Debug|Any CPU
		{4927CE94-EA16-439C-A9F3-ACF0845E6175}.Release|Any CPU.ActiveCfg = Release|Any CPU
		{4927CE94-EA16-439C-A9F3-ACF0845E6175}.Release|Any CPU.Build.0 = Release|Any CPU
		{201A1422-96FB-41AD-BE22-A80A39B64821}.Debug|Any CPU.ActiveCfg = Debug|Any CPU
		{201A1422-96FB-41AD-BE22-A80A39B64821}.Debug|Any CPU.Build.0 = Debug|Any CPU
		{201A1422-96FB-41AD-BE22-A80A39B64821}.Release|Any CPU.ActiveCfg = Release|Any CPU
		{201A1422-96FB-41AD-BE22-A80A39B64821}.Release|Any CPU.Build.0 = Release|Any CPU
		{F16272AE-6457-42A4-8C5F-66D58A828DC1}.Debug|Any CPU.ActiveCfg = Debug|Any CPU
		{F16272AE-6457-42A4-8C5F-66D58A828DC1}.Debug|Any CPU.Build.0 = Debug|Any CPU
		{F16272AE-6457-42A4-8C5F-66D58A828DC1}.Release|Any CPU.ActiveCfg = Release|Any CPU
		{F16272AE-6457-42A4-8C5F-66D58A828DC1}.Release|Any CPU.Build.0 = Release|Any CPU
		{69535BA9-6816-43A1-ABAC-75336AA443A6}.Debug|Any CPU.ActiveCfg = Debug|Any CPU
		{69535BA9-6816-43A1-ABAC-75336AA443A6}.Debug|Any CPU.Build.0 = Debug|Any CPU
		{69535BA9-6816-43A1-ABAC-75336AA443A6}.Release|Any CPU.ActiveCfg = Release|Any CPU
		{69535BA9-6816-43A1-ABAC-75336AA443A6}.Release|Any CPU.Build.0 = Release|Any CPU
		{09713155-C5A1-47EC-BD1A-C85054E1C268}.Debug|Any CPU.ActiveCfg = Debug|Any CPU
		{09713155-C5A1-47EC-BD1A-C85054E1C268}.Debug|Any CPU.Build.0 = Debug|Any CPU
		{09713155-C5A1-47EC-BD1A-C85054E1C268}.Release|Any CPU.ActiveCfg = Release|Any CPU
		{09713155-C5A1-47EC-BD1A-C85054E1C268}.Release|Any CPU.Build.0 = Release|Any CPU
		{DDAF8EA7-48D0-455D-952B-A502E5495EFA}.Debug|Any CPU.ActiveCfg = Debug|Any CPU
		{DDAF8EA7-48D0-455D-952B-A502E5495EFA}.Debug|Any CPU.Build.0 = Debug|Any CPU
		{DDAF8EA7-48D0-455D-952B-A502E5495EFA}.Release|Any CPU.ActiveCfg = Release|Any CPU
		{DDAF8EA7-48D0-455D-952B-A502E5495EFA}.Release|Any CPU.Build.0 = Release|Any CPU
		{36C1801E-2628-4674-B000-CB87E5D710FC}.Debug|Any CPU.ActiveCfg = Debug|Any CPU
		{36C1801E-2628-4674-B000-CB87E5D710FC}.Debug|Any CPU.Build.0 = Debug|Any CPU
		{36C1801E-2628-4674-B000-CB87E5D710FC}.Release|Any CPU.ActiveCfg = Release|Any CPU
		{36C1801E-2628-4674-B000-CB87E5D710FC}.Release|Any CPU.Build.0 = Release|Any CPU
		{07E9323B-879F-44EF-A953-66724623B0DE}.Debug|Any CPU.ActiveCfg = Debug|Any CPU
		{07E9323B-879F-44EF-A953-66724623B0DE}.Debug|Any CPU.Build.0 = Debug|Any CPU
		{07E9323B-879F-44EF-A953-66724623B0DE}.Release|Any CPU.ActiveCfg = Release|Any CPU
		{07E9323B-879F-44EF-A953-66724623B0DE}.Release|Any CPU.Build.0 = Release|Any CPU
		{56B428D0-CB5B-46AD-9A80-03C45EA36FE7}.Debug|Any CPU.ActiveCfg = Debug|Any CPU
		{56B428D0-CB5B-46AD-9A80-03C45EA36FE7}.Debug|Any CPU.Build.0 = Debug|Any CPU
		{56B428D0-CB5B-46AD-9A80-03C45EA36FE7}.Release|Any CPU.ActiveCfg = Release|Any CPU
		{56B428D0-CB5B-46AD-9A80-03C45EA36FE7}.Release|Any CPU.Build.0 = Release|Any CPU
		{26BA8FCA-9395-4B52-A447-E9711B186859}.Debug|Any CPU.ActiveCfg = Debug|Any CPU
		{26BA8FCA-9395-4B52-A447-E9711B186859}.Debug|Any CPU.Build.0 = Debug|Any CPU
		{26BA8FCA-9395-4B52-A447-E9711B186859}.Release|Any CPU.ActiveCfg = Release|Any CPU
		{26BA8FCA-9395-4B52-A447-E9711B186859}.Release|Any CPU.Build.0 = Release|Any CPU
	EndGlobalSection
	GlobalSection(NestedProjects) = preSolution
		{AAE40A4E-0CBD-4D3F-9011-5E5A88A5E2F3} = {5E33A059-E32F-4CD4-B8F1-F6E3AF695499}
		{4215215E-511C-4839-A65F-F69BF7C5E064} = {5E33A059-E32F-4CD4-B8F1-F6E3AF695499}
		{F4BD2A54-C9B5-49D4-8371-189757EC5611} = {5E33A059-E32F-4CD4-B8F1-F6E3AF695499}
		{23BDE2C6-7CA1-4143-94BC-F223E2668965} = {F4BD2A54-C9B5-49D4-8371-189757EC5611}
		{1290B77A-49A1-4E91-A5CB-2C1A30AD2FE4} = {F4BD2A54-C9B5-49D4-8371-189757EC5611}
		{72420B73-4DC9-49CD-8ECA-A7CCE6A56132} = {1290B77A-49A1-4E91-A5CB-2C1A30AD2FE4}
		{68F4C734-CB3D-46E7-8E86-3406EBA3748E} = {1290B77A-49A1-4E91-A5CB-2C1A30AD2FE4}
		{4927CE94-EA16-439C-A9F3-ACF0845E6175} = {1290B77A-49A1-4E91-A5CB-2C1A30AD2FE4}
		{0E1974C1-D401-414F-AC8C-DE8D5F020689} = {1290B77A-49A1-4E91-A5CB-2C1A30AD2FE4}
		{201A1422-96FB-41AD-BE22-A80A39B64821} = {23BDE2C6-7CA1-4143-94BC-F223E2668965}
		{F16272AE-6457-42A4-8C5F-66D58A828DC1} = {23BDE2C6-7CA1-4143-94BC-F223E2668965}
		{69535BA9-6816-43A1-ABAC-75336AA443A6} = {23BDE2C6-7CA1-4143-94BC-F223E2668965}
		{09713155-C5A1-47EC-BD1A-C85054E1C268} = {23BDE2C6-7CA1-4143-94BC-F223E2668965}
		{DDAF8EA7-48D0-455D-952B-A502E5495EFA} = {23BDE2C6-7CA1-4143-94BC-F223E2668965}
		{36C1801E-2628-4674-B000-CB87E5D710FC} = {1290B77A-49A1-4E91-A5CB-2C1A30AD2FE4}
		{07E9323B-879F-44EF-A953-66724623B0DE} = {4215215E-511C-4839-A65F-F69BF7C5E064}
		{56B428D0-CB5B-46AD-9A80-03C45EA36FE7} = {1290B77A-49A1-4E91-A5CB-2C1A30AD2FE4}
		{26BA8FCA-9395-4B52-A447-E9711B186859} = {AAE40A4E-0CBD-4D3F-9011-5E5A88A5E2F3}
	EndGlobalSection
EndGlobal
