
Microsoft Visual Studio Solution File, Format Version 12.00
Project("{2150E333-8FDC-42A3-9474-1A3956D46DE8}") = "src", "src", "{5E33A059-E32F-4CD4-B8F1-F6E3AF695499}"
EndProject
Project("{2150E333-8FDC-42A3-9474-1A3956D46DE8}") = "BuildingBlocks", "BuildingBlocks", "{AAE40A4E-0CBD-4D3F-9011-5E5A88A5E2F3}"
EndProject
Project("{2150E333-8FDC-42A3-9474-1A3956D46DE8}") = "WebUI", "WebUI", "{4215215E-511C-4839-A65F-F69BF7C5E064}"
EndProject
Project("{2150E333-8FDC-42A3-9474-1A3956D46DE8}") = "Services", "Services", "{F4BD2A54-C9B5-49D4-8371-189757EC5611}"
EndProject
Project("{2150E333-8FDC-42A3-9474-1A3956D46DE8}") = "Identity", "Identity", "{23BDE2C6-7CA1-4143-94BC-F223E2668965}"
EndProject
Project("{2150E333-8FDC-42A3-9474-1A3956D46DE8}") = "App", "App", "{1290B77A-49A1-4E91-A5CB-2C1A30AD2FE4}"
EndProject
Project("{2150E333-8FDC-42A3-9474-1A3956D46DE8}") = "Solution Items", "Solution Items", "{2DD533C6-67FA-4BD1-9E7C-4D0569C38DE0}"
	ProjectSection(SolutionItems) = preProject
		Dockerfile = Dockerfile
		.dockerignore = .dockerignore
	EndProjectSection
EndProject
Project("{2150E333-8FDC-42A3-9474-1A3956D46DE8}") = "tests", "tests", "{658943A6-F334-4618-9C85-6D8E76D5C147}"
EndProject
Project("{FAE04EC0-301F-11D3-BF4B-00C04F79EFBC}") = "App.Domain.UnitTests", "App.Domain.UnitTests\App.Domain.UnitTests.csproj", "{C12B35DB-38A7-465E-8FE4-10EC7559FAA5}"
EndProject
Project("{2150E333-8FDC-42A3-9474-1A3956D46DE8}") = "Messages", "Messages", "{26F7294B-1E62-4155-9035-5D21D9316102}"
EndProject
Project("{FAE04EC0-301F-11D3-BF4B-00C04F79EFBC}") = "App.API", "src\Services\App\App.API\App.API.csproj", "{897CB76A-BA3C-4A95-B643-7F222AB7A5CC}"
EndProject
Project("{FAE04EC0-301F-11D3-BF4B-00C04F79EFBC}") = "App.Domain", "src\Services\App\App.Domain\App.Domain.csproj", "{042939BB-61D8-426F-A331-3B490368097B}"
EndProject
Project("{FAE04EC0-301F-11D3-BF4B-00C04F79EFBC}") = "App.Contracts", "src\Services\App\App.Contracts\App.Contracts.csproj", "{99A557EC-C58D-4B43-A112-ADC914C85E08}"
EndProject
Project("{FAE04EC0-301F-11D3-BF4B-00C04F79EFBC}") = "App.Application", "src\Services\App\App.Application\App.Application.csproj", "{C6E80BE3-1ED4-43E2-820F-A9E6316371FD}"
EndProject
Project("{FAE04EC0-301F-11D3-BF4B-00C04F79EFBC}") = "App.SignalR", "src\Services\App\App.SignalR\App.SignalR.csproj", "{D65B02EC-157B-4960-B631-7F0904D3ED73}"
EndProject
Project("{FAE04EC0-301F-11D3-BF4B-00C04F79EFBC}") = "Identity.API", "src\Services\Identity\Identity.API\Identity.API.csproj", "{E37F697E-421F-41D5-8D28-64D0B8B29CCA}"
EndProject
Project("{FAE04EC0-301F-11D3-BF4B-00C04F79EFBC}") = "Identity.Domain", "src\Services\Identity\Identity.Domain\Identity.Domain.csproj", "{35AB9254-41A8-4733-9199-8F5B602774BB}"
EndProject
Project("{FAE04EC0-301F-11D3-BF4B-00C04F79EFBC}") = "Identity.Contracts", "src\Services\Identity\Identity.Contracts\Identity.Contracts.csproj", "{450A3F7D-E486-48FF-B126-048A0E7A488A}"
EndProject
Project("{FAE04EC0-301F-11D3-BF4B-00C04F79EFBC}") = "Identity.Application", "src\Services\Identity\Identity.Application\Identity.Application.csproj", "{3894956F-CED6-44EC-AECF-6901DA56B19F}"
EndProject
Project("{FAE04EC0-301F-11D3-BF4B-00C04F79EFBC}") = "Infrastructure", "src\BuildingBlocks\Infrastructure\Infrastructure.csproj", "{3A1A4164-68ED-4ABF-8DCD-1D252A47A5F3}"
EndProject
Project("{2150E333-8FDC-42A3-9474-1A3956D46DE8}") = "Services", "Services", "{F7087903-F1FD-47C2-86C1-4AFEEE0A11C5}"
EndProject
Project("{FAE04EC0-301F-11D3-BF4B-00C04F79EFBC}") = "App.Domain.Tests.Unit", "tests\Services\App.Domain.Tests.Unit\App.Domain.Tests.Unit.csproj", "{E37E1270-746D-423B-B3A9-C80F5894E38B}"
EndProject
Project("{2150E333-8FDC-42A3-9474-1A3956D46DE8}") = "UserInteraction", "UserInteraction", "{760D5353-766B-4A53-A2DC-09DD66D6224C}"
EndProject
Project("{FAE04EC0-301F-11D3-BF4B-00C04F79EFBC}") = "UserInteraction.API", "src\Services\UserInteraction\UserInteraction.API\UserInteraction.API.csproj", "{FF035D46-CECF-439C-990A-A97EE2ED1A0D}"
EndProject
Project("{FAE04EC0-301F-11D3-BF4B-00C04F79EFBC}") = "App.GrpcClient", "src\Services\App\App.GrpcClient\App.GrpcClient.csproj", "{428D8928-BD2B-446F-BF71-9049A041155A}"
EndProject
Project("{FAE04EC0-301F-11D3-BF4B-00C04F79EFBC}") = "Core", "src\BuildingBlocks\Core\Core.csproj", "{CFE12E29-058F-44D0-BC96-CDDF511C49AD}"
EndProject
Global
	GlobalSection(SolutionConfigurationPlatforms) = preSolution
		Debug|Any CPU = Debug|Any CPU
		Release|Any CPU = Release|Any CPU
	EndGlobalSection
	GlobalSection(ProjectConfigurationPlatforms) = postSolution
		{C12B35DB-38A7-465E-8FE4-10EC7559FAA5}.Debug|Any CPU.ActiveCfg = Debug|Any CPU
		{C12B35DB-38A7-465E-8FE4-10EC7559FAA5}.Debug|Any CPU.Build.0 = Debug|Any CPU
		{C12B35DB-38A7-465E-8FE4-10EC7559FAA5}.Release|Any CPU.ActiveCfg = Release|Any CPU
		{C12B35DB-38A7-465E-8FE4-10EC7559FAA5}.Release|Any CPU.Build.0 = Release|Any CPU
		{897CB76A-BA3C-4A95-B643-7F222AB7A5CC}.Debug|Any CPU.ActiveCfg = Debug|Any CPU
		{897CB76A-BA3C-4A95-B643-7F222AB7A5CC}.Debug|Any CPU.Build.0 = Debug|Any CPU
		{897CB76A-BA3C-4A95-B643-7F222AB7A5CC}.Release|Any CPU.ActiveCfg = Release|Any CPU
		{897CB76A-BA3C-4A95-B643-7F222AB7A5CC}.Release|Any CPU.Build.0 = Release|Any CPU
		{042939BB-61D8-426F-A331-3B490368097B}.Debug|Any CPU.ActiveCfg = Debug|Any CPU
		{042939BB-61D8-426F-A331-3B490368097B}.Debug|Any CPU.Build.0 = Debug|Any CPU
		{042939BB-61D8-426F-A331-3B490368097B}.Release|Any CPU.ActiveCfg = Release|Any CPU
		{042939BB-61D8-426F-A331-3B490368097B}.Release|Any CPU.Build.0 = Release|Any CPU
		{99A557EC-C58D-4B43-A112-ADC914C85E08}.Debug|Any CPU.ActiveCfg = Debug|Any CPU
		{99A557EC-C58D-4B43-A112-ADC914C85E08}.Debug|Any CPU.Build.0 = Debug|Any CPU
		{99A557EC-C58D-4B43-A112-ADC914C85E08}.Release|Any CPU.ActiveCfg = Release|Any CPU
		{99A557EC-C58D-4B43-A112-ADC914C85E08}.Release|Any CPU.Build.0 = Release|Any CPU
		{C6E80BE3-1ED4-43E2-820F-A9E6316371FD}.Debug|Any CPU.ActiveCfg = Debug|Any CPU
		{C6E80BE3-1ED4-43E2-820F-A9E6316371FD}.Debug|Any CPU.Build.0 = Debug|Any CPU
		{C6E80BE3-1ED4-43E2-820F-A9E6316371FD}.Release|Any CPU.ActiveCfg = Release|Any CPU
		{C6E80BE3-1ED4-43E2-820F-A9E6316371FD}.Release|Any CPU.Build.0 = Release|Any CPU
		{D65B02EC-157B-4960-B631-7F0904D3ED73}.Debug|Any CPU.ActiveCfg = Debug|Any CPU
		{D65B02EC-157B-4960-B631-7F0904D3ED73}.Debug|Any CPU.Build.0 = Debug|Any CPU
		{D65B02EC-157B-4960-B631-7F0904D3ED73}.Release|Any CPU.ActiveCfg = Release|Any CPU
		{D65B02EC-157B-4960-B631-7F0904D3ED73}.Release|Any CPU.Build.0 = Release|Any CPU
		{E37F697E-421F-41D5-8D28-64D0B8B29CCA}.Debug|Any CPU.ActiveCfg = Debug|Any CPU
		{E37F697E-421F-41D5-8D28-64D0B8B29CCA}.Debug|Any CPU.Build.0 = Debug|Any CPU
		{E37F697E-421F-41D5-8D28-64D0B8B29CCA}.Release|Any CPU.ActiveCfg = Release|Any CPU
		{E37F697E-421F-41D5-8D28-64D0B8B29CCA}.Release|Any CPU.Build.0 = Release|Any CPU
		{35AB9254-41A8-4733-9199-8F5B602774BB}.Debug|Any CPU.ActiveCfg = Debug|Any CPU
		{35AB9254-41A8-4733-9199-8F5B602774BB}.Debug|Any CPU.Build.0 = Debug|Any CPU
		{35AB9254-41A8-4733-9199-8F5B602774BB}.Release|Any CPU.ActiveCfg = Release|Any CPU
		{35AB9254-41A8-4733-9199-8F5B602774BB}.Release|Any CPU.Build.0 = Release|Any CPU
		{450A3F7D-E486-48FF-B126-048A0E7A488A}.Debug|Any CPU.ActiveCfg = Debug|Any CPU
		{450A3F7D-E486-48FF-B126-048A0E7A488A}.Debug|Any CPU.Build.0 = Debug|Any CPU
		{450A3F7D-E486-48FF-B126-048A0E7A488A}.Release|Any CPU.ActiveCfg = Release|Any CPU
		{450A3F7D-E486-48FF-B126-048A0E7A488A}.Release|Any CPU.Build.0 = Release|Any CPU
		{3894956F-CED6-44EC-AECF-6901DA56B19F}.Debug|Any CPU.ActiveCfg = Debug|Any CPU
		{3894956F-CED6-44EC-AECF-6901DA56B19F}.Debug|Any CPU.Build.0 = Debug|Any CPU
		{3894956F-CED6-44EC-AECF-6901DA56B19F}.Release|Any CPU.ActiveCfg = Release|Any CPU
		{3894956F-CED6-44EC-AECF-6901DA56B19F}.Release|Any CPU.Build.0 = Release|Any CPU
		{3A1A4164-68ED-4ABF-8DCD-1D252A47A5F3}.Debug|Any CPU.ActiveCfg = Debug|Any CPU
		{3A1A4164-68ED-4ABF-8DCD-1D252A47A5F3}.Debug|Any CPU.Build.0 = Debug|Any CPU
		{3A1A4164-68ED-4ABF-8DCD-1D252A47A5F3}.Release|Any CPU.ActiveCfg = Release|Any CPU
		{3A1A4164-68ED-4ABF-8DCD-1D252A47A5F3}.Release|Any CPU.Build.0 = Release|Any CPU
		{E37E1270-746D-423B-B3A9-C80F5894E38B}.Debug|Any CPU.ActiveCfg = Debug|Any CPU
		{E37E1270-746D-423B-B3A9-C80F5894E38B}.Debug|Any CPU.Build.0 = Debug|Any CPU
		{E37E1270-746D-423B-B3A9-C80F5894E38B}.Release|Any CPU.ActiveCfg = Release|Any CPU
		{E37E1270-746D-423B-B3A9-C80F5894E38B}.Release|Any CPU.Build.0 = Release|Any CPU
		{FF035D46-CECF-439C-990A-A97EE2ED1A0D}.Debug|Any CPU.ActiveCfg = Debug|Any CPU
		{FF035D46-CECF-439C-990A-A97EE2ED1A0D}.Debug|Any CPU.Build.0 = Debug|Any CPU
		{FF035D46-CECF-439C-990A-A97EE2ED1A0D}.Release|Any CPU.ActiveCfg = Release|Any CPU
		{FF035D46-CECF-439C-990A-A97EE2ED1A0D}.Release|Any CPU.Build.0 = Release|Any CPU
		{428D8928-BD2B-446F-BF71-9049A041155A}.Debug|Any CPU.ActiveCfg = Debug|Any CPU
		{428D8928-BD2B-446F-BF71-9049A041155A}.Debug|Any CPU.Build.0 = Debug|Any CPU
		{428D8928-BD2B-446F-BF71-9049A041155A}.Release|Any CPU.ActiveCfg = Release|Any CPU
		{428D8928-BD2B-446F-BF71-9049A041155A}.Release|Any CPU.Build.0 = Release|Any CPU
		{CFE12E29-058F-44D0-BC96-CDDF511C49AD}.Debug|Any CPU.ActiveCfg = Debug|Any CPU
		{CFE12E29-058F-44D0-BC96-CDDF511C49AD}.Debug|Any CPU.Build.0 = Debug|Any CPU
		{CFE12E29-058F-44D0-BC96-CDDF511C49AD}.Release|Any CPU.ActiveCfg = Release|Any CPU
		{CFE12E29-058F-44D0-BC96-CDDF511C49AD}.Release|Any CPU.Build.0 = Release|Any CPU
	EndGlobalSection
	GlobalSection(NestedProjects) = preSolution
		{AAE40A4E-0CBD-4D3F-9011-5E5A88A5E2F3} = {5E33A059-E32F-4CD4-B8F1-F6E3AF695499}
		{4215215E-511C-4839-A65F-F69BF7C5E064} = {5E33A059-E32F-4CD4-B8F1-F6E3AF695499}
		{F4BD2A54-C9B5-49D4-8371-189757EC5611} = {5E33A059-E32F-4CD4-B8F1-F6E3AF695499}
		{23BDE2C6-7CA1-4143-94BC-F223E2668965} = {F4BD2A54-C9B5-49D4-8371-189757EC5611}
		{1290B77A-49A1-4E91-A5CB-2C1A30AD2FE4} = {F4BD2A54-C9B5-49D4-8371-189757EC5611}
		{C12B35DB-38A7-465E-8FE4-10EC7559FAA5} = {658943A6-F334-4618-9C85-6D8E76D5C147}
		{26F7294B-1E62-4155-9035-5D21D9316102} = {F4BD2A54-C9B5-49D4-8371-189757EC5611}
		{897CB76A-BA3C-4A95-B643-7F222AB7A5CC} = {1290B77A-49A1-4E91-A5CB-2C1A30AD2FE4}
		{042939BB-61D8-426F-A331-3B490368097B} = {1290B77A-49A1-4E91-A5CB-2C1A30AD2FE4}
		{99A557EC-C58D-4B43-A112-ADC914C85E08} = {1290B77A-49A1-4E91-A5CB-2C1A30AD2FE4}
		{C6E80BE3-1ED4-43E2-820F-A9E6316371FD} = {1290B77A-49A1-4E91-A5CB-2C1A30AD2FE4}
		{D65B02EC-157B-4960-B631-7F0904D3ED73} = {1290B77A-49A1-4E91-A5CB-2C1A30AD2FE4}
		{E37F697E-421F-41D5-8D28-64D0B8B29CCA} = {23BDE2C6-7CA1-4143-94BC-F223E2668965}
		{35AB9254-41A8-4733-9199-8F5B602774BB} = {23BDE2C6-7CA1-4143-94BC-F223E2668965}
		{450A3F7D-E486-48FF-B126-048A0E7A488A} = {23BDE2C6-7CA1-4143-94BC-F223E2668965}
		{3894956F-CED6-44EC-AECF-6901DA56B19F} = {23BDE2C6-7CA1-4143-94BC-F223E2668965}
		{3A1A4164-68ED-4ABF-8DCD-1D252A47A5F3} = {AAE40A4E-0CBD-4D3F-9011-5E5A88A5E2F3}
		{F7087903-F1FD-47C2-86C1-4AFEEE0A11C5} = {658943A6-F334-4618-9C85-6D8E76D5C147}
		{E37E1270-746D-423B-B3A9-C80F5894E38B} = {F7087903-F1FD-47C2-86C1-4AFEEE0A11C5}
		{760D5353-766B-4A53-A2DC-09DD66D6224C} = {F4BD2A54-C9B5-49D4-8371-189757EC5611}
		{FF035D46-CECF-439C-990A-A97EE2ED1A0D} = {760D5353-766B-4A53-A2DC-09DD66D6224C}
		{428D8928-BD2B-446F-BF71-9049A041155A} = {1290B77A-49A1-4E91-A5CB-2C1A30AD2FE4}
		{CFE12E29-058F-44D0-BC96-CDDF511C49AD} = {AAE40A4E-0CBD-4D3F-9011-5E5A88A5E2F3}
	EndGlobalSection
EndGlobal
